
Microsoft Visual Studio Solution File, Format Version 12.00
# Visual Studio Version 17
VisualStudioVersion = 17.14.36301.6 d17.14
MinimumVisualStudioVersion = 10.0.40219.1
Project("{FAE04EC0-301F-11D3-BF4B-00C04F79EFBC}") = "CatRouter", "CatRouter\CatRouter.csproj", "{8D993B27-47E7-4374-B477-568843E0C9B4}"
EndProject
Project("{FAE04EC0-301F-11D3-BF4B-00C04F79EFBC}") = "CatRouterConsole", "CatRouterConsole\CatRouterConsole.csproj", "{4FD3B185-D637-44E2-A216-9E372CA64AEB}"
EndProject
Global
	GlobalSection(SolutionConfigurationPlatforms) = preSolution
		Debug|Any CPU = Debug|Any CPU
		Release|Any CPU = Release|Any CPU
	EndGlobalSection
	GlobalSection(ProjectConfigurationPlatforms) = postSolution
		{8D993B27-47E7-4374-B477-568843E0C9B4}.Debug|Any CPU.ActiveCfg = Debug|Any CPU
		{8D993B27-47E7-4374-B477-568843E0C9B4}.Debug|Any CPU.Build.0 = Debug|Any CPU
		{8D993B27-47E7-4374-B477-568843E0C9B4}.Release|Any CPU.ActiveCfg = Release|Any CPU
		{8D993B27-47E7-4374-B477-568843E0C9B4}.Release|Any CPU.Build.0 = Release|Any CPU
		{4FD3B185-D637-44E2-A216-9E372CA64AEB}.Debug|Any CPU.ActiveCfg = Debug|Any CPU
		{4FD3B185-D637-44E2-A216-9E372CA64AEB}.Debug|Any CPU.Build.0 = Debug|Any CPU
		{4FD3B185-D637-44E2-A216-9E372CA64AEB}.Release|Any CPU.ActiveCfg = Release|Any CPU
		{4FD3B185-D637-44E2-A216-9E372CA64AEB}.Release|Any CPU.Build.0 = Release|Any CPU
	EndGlobalSection
	GlobalSection(SolutionProperties) = preSolution
		HideSolutionNode = FALSE
	EndGlobalSection
	GlobalSection(ExtensibilityGlobals) = postSolution
		SolutionGuid = {112A1538-713F-47BD-A832-F91B3B2E3DB1}
	EndGlobalSection
EndGlobal
